
Microsoft Visual Studio Solution File, Format Version 12.00
# Visual Studio Version 17
VisualStudioVersion = 17.2.32616.157
MinimumVisualStudioVersion = 10.0.40219.1
Project("{FAE04EC0-301F-11D3-BF4B-00C04F79EFBC}") = "PigLatin", "PigLatin\PigLatin.csproj", "{AF956E7A-1387-4BBE-B105-340D748E0806}"
EndProject
Global
	GlobalSection(SolutionConfigurationPlatforms) = preSolution
		Debug|Any CPU = Debug|Any CPU
		Release|Any CPU = Release|Any CPU
	EndGlobalSection
	GlobalSection(ProjectConfigurationPlatforms) = postSolution
		{AF956E7A-1387-4BBE-B105-340D748E0806}.Debug|Any CPU.ActiveCfg = Debug|Any CPU
		{AF956E7A-1387-4BBE-B105-340D748E0806}.Debug|Any CPU.Build.0 = Debug|Any CPU
		{AF956E7A-1387-4BBE-B105-340D748E0806}.Release|Any CPU.ActiveCfg = Release|Any CPU
		{AF956E7A-1387-4BBE-B105-340D748E0806}.Release|Any CPU.Build.0 = Release|Any CPU
	EndGlobalSection
	GlobalSection(SolutionProperties) = preSolution
		HideSolutionNode = FALSE
	EndGlobalSection
	GlobalSection(ExtensibilityGlobals) = postSolution
		SolutionGuid = {89FADFCA-8DD2-4375-846A-E16F069B841F}
	EndGlobalSection
EndGlobal
